lockVersion: 2.0.0
id: 996e0013-6461-470a-844c-162eaa1474d5
management:
  docChecksum: 1bdb7a6f8bf3995d4b40475228403253
  docVersion: 1.0.0
  speakeasyVersion: 1.228.1
  generationVersion: 2.292.0
  releaseVersion: 0.6.0
  configChecksum: 24ec5a7e5d389f0b57b1d5fa320b57d0
  repoURL: https://github.com/speakeasy-sdks/gogogogo.git
  repoSubDirectory: .
  published: true
features:
  csharp:
    core: 3.5.0
    flattening: 2.81.1
    globalServerURLs: 2.82.3
generatedFiles:
  - Example/Pets.cs
  - Example/ExampleSDK.cs
  - global.json
  - Example.sln
  - Example/Utils/AnyDeserializer.cs
  - Example/Utils/BigIntStrConverter.cs
  - Example/Utils/DecimalStrConverter.cs
  - Example/Utils/EnumConverter.cs
  - Example/Utils/FlexibleObjectDeserializer.cs
  - Example/Utils/HeaderSerializer.cs
  - Example/Utils/IsoDateTimeSerializer.cs
  - Example/Utils/RequestBodySerializer.cs
  - Example/Utils/SecuritySerializer.cs
  - Example/Utils/SpeakeasyHttpClient.cs
  - Example/Utils/SpeakeasyMetadata.cs
  - Example/Utils/URLBuilder.cs
  - Example/Utils/Utilities.cs
  - Example/Example.csproj
  - Example/Models/Operations/CreatePetsResponse.cs
  - Example/Models/Operations/ListPetsRequest.cs
  - Example/Models/Operations/ListPetsResponse.cs
  - Example/Models/Operations/ShowPetByIdRequest.cs
  - Example/Models/Operations/ShowPetByIdResponse.cs
  - Example/Models/Shared/Error.cs
  - Example/Models/Shared/Pet.cs
  - docs/Models/Operations/CreatePetsResponse.md
  - docs/Models/Operations/ListPetsRequest.md
  - docs/Models/Operations/ListPetsResponse.md
  - docs/Models/Operations/ShowPetByIdRequest.md
  - docs/Models/Operations/ShowPetByIdResponse.md
  - docs/Models/Shared/Error.md
  - docs/Models/Shared/Pet.md
  - docs/sdks/example/README.md
  - docs/sdks/pets/README.md
  - USAGE.md
  - .gitattributes
